
Microsoft Visual Studio Solution File, Format Version 12.00
# Visual Studio Version 17
VisualStudioVersion = 17.13.35825.156
MinimumVisualStudioVersion = 10.0.40219.1
Project("{FAE04EC0-301F-11D3-BF4B-00C04F79EFBC}") = "MU.GameTools.IO", "MU.GameTools.IO\MU.GameTools.IO.csproj", "{C8206750-3181-4BEC-81B8-E43B039F782C}"
EndProject
Project("{FAE04EC0-301F-11D3-BF4B-00C04F79EFBC}") = "MU.GameTools.FileFormats", "MU.GameTools.FileFormats\MU.GameTools.FileFormats.csproj", "{E55C2976-078A-4B5F-9E02-548E8DF90772}"
EndProject
Project("{FAE04EC0-301F-11D3-BF4B-00C04F79EFBC}") = "MU.GameTools.Squish", "MU.GameTools.Squish\MU.GameTools.Squish.csproj", "{7AE9F18C-E8FB-434A-9798-9C42F7469BD8}"
EndProject
Project("{FAE04EC0-301F-11D3-BF4B-00C04F79EFBC}") = "MU.GameTools.Common", "MU.GameTools.Common\MU.GameTools.Common.csproj", "{A7062501-49E9-49A9-81FF-48C9B69FC796}"
EndProject
Project("{FAE04EC0-301F-11D3-BF4B-00C04F79EFBC}") = "MU.GameTools.Prototype.Tod", "MU.GameTools.Prototype.Tod\MU.GameTools.Prototype.Tod.csproj", "{3B766A15-68DE-4AFC-B848-1E1DAFE882A3}"
EndProject
Project("{FAE04EC0-301F-11D3-BF4B-00C04F79EFBC}") = "MU.GameTools.Prototype1", "MU.GameTools.Prototype1\MU.GameTools.Prototype1.csproj", "{E9BB5A90-A59A-4962-856E-CAB03797E1C8}"
EndProject
Project("{FAE04EC0-301F-11D3-BF4B-00C04F79EFBC}") = "MU.GameTools.Prototype.Fight", "MU.GameTools.Prototype.Fight\MU.GameTools.Prototype.Fight.csproj", "{FC69A572-9A34-4DAC-BEB9-29495E5CD321}"
EndProject
Project("{FAE04EC0-301F-11D3-BF4B-00C04F79EFBC}") = "MU.GameTools.Prototype.FileFormats", "MU.GameTools.Prototype.FileFormats\MU.GameTools.Prototype.FileFormats.csproj", "{D3C57856-A60B-42EF-BCD7-847ACF9910E1}"
EndProject
Global
	GlobalSection(SolutionConfigurationPlatforms) = preSolution
		Debug|Any CPU = Debug|Any CPU
		Release|Any CPU = Release|Any CPU
	EndGlobalSection
	GlobalSection(ProjectConfigurationPlatforms) = postSolution
		{C8206750-3181-4BEC-81B8-E43B039F782C}.Debug|Any CPU.ActiveCfg = Debug|Any CPU
		{C8206750-3181-4BEC-81B8-E43B039F782C}.Debug|Any CPU.Build.0 = Debug|Any CPU
		{C8206750-3181-4BEC-81B8-E43B039F782C}.Release|Any CPU.ActiveCfg = Release|Any CPU
		{C8206750-3181-4BEC-81B8-E43B039F782C}.Release|Any CPU.Build.0 = Release|Any CPU
		{E55C2976-078A-4B5F-9E02-548E8DF90772}.Debug|Any CPU.ActiveCfg = Debug|Any CPU
		{E55C2976-078A-4B5F-9E02-548E8DF90772}.Debug|Any CPU.Build.0 = Debug|Any CPU
		{E55C2976-078A-4B5F-9E02-548E8DF90772}.Release|Any CPU.ActiveCfg = Release|Any CPU
		{E55C2976-078A-4B5F-9E02-548E8DF90772}.Release|Any CPU.Build.0 = Release|Any CPU
		{7AE9F18C-E8FB-434A-9798-9C42F7469BD8}.Debug|Any CPU.ActiveCfg = Debug|Any CPU
		{7AE9F18C-E8FB-434A-9798-9C42F7469BD8}.Debug|Any CPU.Build.0 = Debug|Any CPU
		{7AE9F18C-E8FB-434A-9798-9C42F7469BD8}.Release|Any CPU.ActiveCfg = Release|Any CPU
		{7AE9F18C-E8FB-434A-9798-9C42F7469BD8}.Release|Any CPU.Build.0 = Release|Any CPU
		{A7062501-49E9-49A9-81FF-48C9B69FC796}.Debug|Any CPU.ActiveCfg = Debug|Any CPU
		{A7062501-49E9-49A9-81FF-48C9B69FC796}.Debug|Any CPU.Build.0 = Debug|Any CPU
		{A7062501-49E9-49A9-81FF-48C9B69FC796}.Release|Any CPU.ActiveCfg = Release|Any CPU
		{A7062501-49E9-49A9-81FF-48C9B69FC796}.Release|Any CPU.Build.0 = Release|Any CPU
		{3B766A15-68DE-4AFC-B848-1E1DAFE882A3}.Debug|Any CPU.ActiveCfg = Debug|Any CPU
		{3B766A15-68DE-4AFC-B848-1E1DAFE882A3}.Debug|Any CPU.Build.0 = Debug|Any CPU
		{3B766A15-68DE-4AFC-B848-1E1DAFE882A3}.Release|Any CPU.ActiveCfg = Release|Any CPU
		{3B766A15-68DE-4AFC-B848-1E1DAFE882A3}.Release|Any CPU.Build.0 = Release|Any CPU
		{E9BB5A90-A59A-4962-856E-CAB03797E1C8}.Debug|Any CPU.ActiveCfg = Debug|Any CPU
		{E9BB5A90-A59A-4962-856E-CAB03797E1C8}.Debug|Any CPU.Build.0 = Debug|Any CPU
		{E9BB5A90-A59A-4962-856E-CAB03797E1C8}.Release|Any CPU.ActiveCfg = Release|Any CPU
		{E9BB5A90-A59A-4962-856E-CAB03797E1C8}.Release|Any CPU.Build.0 = Release|Any CPU
		{FC69A572-9A34-4DAC-BEB9-29495E5CD321}.Debug|Any CPU.ActiveCfg = Debug|Any CPU
		{FC69A572-9A34-4DAC-BEB9-29495E5CD321}.Debug|Any CPU.Build.0 = Debug|Any CPU
		{FC69A572-9A34-4DAC-BEB9-29495E5CD321}.Release|Any CPU.ActiveCfg = Release|Any CPU
		{FC69A572-9A34-4DAC-BEB9-29495E5CD321}.Release|Any CPU.Build.0 = Release|Any CPU
		{D3C57856-A60B-42EF-BCD7-847ACF9910E1}.Debug|Any CPU.ActiveCfg = Debug|Any CPU
		{D3C57856-A60B-42EF-BCD7-847ACF9910E1}.Debug|Any CPU.Build.0 = Debug|Any CPU
		{D3C57856-A60B-42EF-BCD7-847ACF9910E1}.Release|Any CPU.ActiveCfg = Release|Any CPU
		{D3C57856-A60B-42EF-BCD7-847ACF9910E1}.Release|Any CPU.Build.0 = Release|Any CPU
	EndGlobalSection
	GlobalSection(SolutionProperties) = preSolution
		HideSolutionNode = FALSE
	EndGlobalSection
	GlobalSection(ExtensibilityGlobals) = postSolution
		SolutionGuid = {3514868D-3C8A-4353-BB1A-9C0554B55C3D}
	EndGlobalSection
EndGlobal
